// !$*UTF8*$!
{
	archiveVersion = 1;
	classes = {
	};
	objectVersion = 56;
	objects = {

/* Begin PBXBuildFile section */
		A001000000000000000001 /* TimingControlApp.swift in Sources */ = {isa = PBXBuildFile; fileRef = B001000000000000000001 /* TimingControlApp.swift */; };
		A001000000000000000002 /* Theme.swift in Sources */ = {isa = PBXBuildFile; fileRef = B001000000000000000002 /* Theme.swift */; };
		A001000000000000000003 /* Icons.swift in Sources */ = {isa = PBXBuildFile; fileRef = B001000000000000000003 /* Icons.swift */; };
		A001000000000000000004 /* LevelModel.swift in Sources */ = {isa = PBXBuildFile; fileRef = B001000000000000000004 /* LevelModel.swift */; };
		A001000000000000000005 /* GameEngine.swift in Sources */ = {isa = PBXBuildFile; fileRef = B001000000000000000005 /* GameEngine.swift */; };
		A001000000000000000006 /* ProgressStore.swift in Sources */ = {isa = PBXBuildFile; fileRef = B001000000000000000006 /* ProgressStore.swift */; };
		A001000000000000000007 /* TrackMapView.swift in Sources */ = {isa = PBXBuildFile; fileRef = B001000000000000000007 /* TrackMapView.swift */; };
		A001000000000000000008 /* GameView.swift in Sources */ = {isa = PBXBuildFile; fileRef = B001000000000000000008 /* GameView.swift */; };
		A001000000000000000009 /* RootMenuView.swift in Sources */ = {isa = PBXBuildFile; fileRef = B001000000000000000009 /* RootMenuView.swift */; };
		A001000000000000000010 /* SettingsView.swift in Sources */ = {isa = PBXBuildFile; fileRef = B001000000000000000010 /* SettingsView.swift */; };
		A001000000000000000011 /* MetroWebPanel.swift in Sources */ = {isa = PBXBuildFile; fileRef = B001000000000000000011 /* MetroWebPanel.swift */; };
		A001000000000000000012 /* MetroLoadingScreen.swift in Sources */ = {isa = PBXBuildFile; fileRef = B001000000000000000012 /* MetroLoadingScreen.swift */; };
		A001000000000000000013 /* Assets.xcassets in Resources */ = {isa = PBXBuildFile; fileRef = B001000000000000000013 /* Assets.xcassets */; };
/* End PBXBuildFile section */

/* Begin PBXFileReference section */
		B001000000000000000001 /* TimingControlApp.swift */ = {isa = PBXFileReference; lastKnownFileType = sourcecode.swift; path = TimingControlApp.swift; sourceTree = "<group>"; };
		B001000000000000000002 /* Theme.swift */ = {isa = PBXFileReference; lastKnownFileType = sourcecode.swift; path = Theme.swift; sourceTree = "<group>"; };
		B001000000000000000003 /* Icons.swift */ = {isa = PBXFileReference; lastKnownFileType = sourcecode.swift; path = Icons.swift; sourceTree = "<group>"; };
		B001000000000000000004 /* LevelModel.swift */ = {isa = PBXFileReference; lastKnownFileType = sourcecode.swift; path = LevelModel.swift; sourceTree = "<group>"; };
		B001000000000000000005 /* GameEngine.swift */ = {isa = PBXFileReference; lastKnownFileType = sourcecode.swift; path = GameEngine.swift; sourceTree = "<group>"; };
		B001000000000000000006 /* ProgressStore.swift */ = {isa = PBXFileReference; lastKnownFileType = sourcecode.swift; path = ProgressStore.swift; sourceTree = "<group>"; };
		B001000000000000000007 /* TrackMapView.swift */ = {isa = PBXFileReference; lastKnownFileType = sourcecode.swift; path = TrackMapView.swift; sourceTree = "<group>"; };
		B001000000000000000008 /* GameView.swift */ = {isa = PBXFileReference; lastKnownFileType = sourcecode.swift; path = GameView.swift; sourceTree = "<group>"; };
		B001000000000000000009 /* RootMenuView.swift */ = {isa = PBXFileReference; lastKnownFileType = sourcecode.swift; path = RootMenuView.swift; sourceTree = "<group>"; };
		B001000000000000000010 /* SettingsView.swift */ = {isa = PBXFileReference; lastKnownFileType = sourcecode.swift; path = SettingsView.swift; sourceTree = "<group>"; };
		B001000000000000000011 /* MetroWebPanel.swift */ = {isa = PBXFileReference; lastKnownFileType = sourcecode.swift; path = MetroWebPanel.swift; sourceTree = "<group>"; };
		B001000000000000000012 /* MetroLoadingScreen.swift */ = {isa = PBXFileReference; lastKnownFileType = sourcecode.swift; path = MetroLoadingScreen.swift; sourceTree = "<group>"; };
		B001000000000000000013 /* Assets.xcassets */ = {isa = PBXFileReference; lastKnownFileType = folder.assetcatalog; path = Assets.xcassets; sourceTree = "<group>"; };
		B001000000000000000014 /* Info.plist */ = {isa = PBXFileReference; lastKnownFileType = text.plist.xml; path = Info.plist; sourceTree = "<group>"; };
		C001000000000000000001 /* Timing Control.app */ = {isa = PBXFileReference; explicitFileType = wrapper.application; includeInIndex = 0; path = "Timing Control.app"; sourceTree = BUILT_PRODUCTS_DIR; };
/* End PBXFileReference section */

/* Begin PBXFrameworksBuildPhase section */
		D001000000000000000001 /* Frameworks */ = {
			isa = PBXFrameworksBuildPhase;
			buildActionMask = 2147483647;
			files = (
			);
			runOnlyForDeploymentPostprocessing = 0;
		};
/* End PBXFrameworksBuildPhase section */

/* Begin PBXGroup section */
		E001000000000000000001 = {
			isa = PBXGroup;
			children = (
				E001000000000000000002 /* Sources */,
				E001000000000000000003 /* Products */,
			);
			sourceTree = "<group>";
		};
		E001000000000000000002 /* Sources */ = {
			isa = PBXGroup;
			children = (
				B001000000000000000001 /* TimingControlApp.swift */,
				B001000000000000000002 /* Theme.swift */,
				B001000000000000000003 /* Icons.swift */,
				B001000000000000000004 /* LevelModel.swift */,
				B001000000000000000005 /* GameEngine.swift */,
				B001000000000000000006 /* ProgressStore.swift */,
				B001000000000000000007 /* TrackMapView.swift */,
				B001000000000000000008 /* GameView.swift */,
				B001000000000000000009 /* RootMenuView.swift */,
				B001000000000000000010 /* SettingsView.swift */,
				B001000000000000000011 /* MetroWebPanel.swift */,
				B001000000000000000012 /* MetroLoadingScreen.swift */,
				B001000000000000000013 /* Assets.xcassets */,
				B001000000000000000014 /* Info.plist */,
			);
			path = Sources;
			sourceTree = "<group>";
		};
		E001000000000000000003 /* Products */ = {
			isa = PBXGroup;
			children = (
				C001000000000000000001 /* Timing Control.app */,
			);
			name = Products;
			sourceTree = "<group>";
		};
/* End PBXGroup section */

/* Begin PBXNativeTarget section */
		F001000000000000000001 /* Timing Control */ = {
			isa = PBXNativeTarget;
			buildConfigurationList = 1001000000000000000001 /* Build configuration list for PBXNativeTarget "Timing Control" */;
			buildPhases = (
				D001000000000000000002 /* Sources */,
				D001000000000000000001 /* Frameworks */,
				D001000000000000000003 /* Resources */,
			);
			buildRules = (
			);
			dependencies = (
			);
			name = "Timing Control";
			productName = "Timing Control";
			productReference = C001000000000000000001 /* Timing Control.app */;
			productType = "com.apple.product-type.application";
		};
/* End PBXNativeTarget section */

/* Begin PBXProject section */
		2001000000000000000001 /* Project object */ = {
			isa = PBXProject;
			attributes = {
				BuildIndependentTargetsInParallel = 1;
				LastSwiftUpdateCheck = 1500;
				LastUpgradeCheck = 1500;
				TargetAttributes = {
					F001000000000000000001 = {
						CreatedOnToolsVersion = 15.0;
					};
				};
			};
			buildConfigurationList = 2001000000000000000002 /* Build configuration list for PBXProject "Timing Control" */;
			compatibilityVersion = "Xcode 14.0";
			developmentRegion = en;
			hasScannedForEncodings = 0;
			knownRegions = (
				en,
				Base,
			);
			mainGroup = E001000000000000000001;
			productRefGroup = E001000000000000000003 /* Products */;
			projectDirPath = "";
			projectRoot = "";
			targets = (
				F001000000000000000001 /* Timing Control */,
			);
		};
/* End PBXProject section */

/* Begin PBXResourcesBuildPhase section */
		D001000000000000000003 /* Resources */ = {
			isa = PBXResourcesBuildPhase;
			buildActionMask = 2147483647;
			files = (
				A001000000000000000013 /* Assets.xcassets in Resources */,
			);
			runOnlyForDeploymentPostprocessing = 0;
		};
/* End PBXResourcesBuildPhase section */

/* Begin PBXSourcesBuildPhase section */
		D001000000000000000002 /* Sources */ = {
			isa = PBXSourcesBuildPhase;
			buildActionMask = 2147483647;
			files = (
				A001000000000000000001 /* TimingControlApp.swift in Sources */,
				A001000000000000000002 /* Theme.swift in Sources */,
				A001000000000000000003 /* Icons.swift in Sources */,
				A001000000000000000004 /* LevelModel.swift in Sources */,
				A001000000000000000005 /* GameEngine.swift in Sources */,
				A001000000000000000006 /* ProgressStore.swift in Sources */,
				A001000000000000000007 /* TrackMapView.swift in Sources */,
				A001000000000000000008 /* GameView.swift in Sources */,
				A001000000000000000009 /* RootMenuView.swift in Sources */,
				A001000000000000000010 /* SettingsView.swift in Sources */,
				A001000000000000000011 /* MetroWebPanel.swift in Sources */,
				A001000000000000000012 /* MetroLoadingScreen.swift in Sources */,
			);
			runOnlyForDeploymentPostprocessing = 0;
		};
/* End PBXSourcesBuildPhase section */

/* Begin XCBuildConfiguration section */
		3001000000000000000001 /* Debug */ = {
			isa = XCBuildConfiguration;
			buildSettings = {
				ALWAYS_SEARCH_USER_PATHS = NO;
				CLANG_ANALYZER_NONNULL = YES;
				CLANG_ANALYZER_NUMBER_OBJECT_CONVERSION = YES_AGGRESSIVE;
				CLANG_CXX_LANGUAGE_STANDARD = "gnu++20";
				CLANG_ENABLE_MODULES = YES;
				CLANG_ENABLE_OBJC_ARC = YES;
				CLANG_ENABLE_OBJC_WEAK = YES;
				CLANG_WARN_BOOL_CONVERSION = YES;
				CLANG_WARN_COMMA = YES;
				CLANG_WARN_CONSTANT_CONVERSION = YES;
				CLANG_WARN_DEPRECATED_OBJC_IMPLEMENTATIONS = YES;
				CLANG_WARN_DIRECT_OBJC_ISA_USAGE = YES_ERROR;
				CLANG_WARN_DOCUMENTATION_COMMENTS = YES;
				CLANG_WARN_EMPTY_BODY = YES;
				CLANG_WARN_ENUM_CONVERSION = YES;
				CLANG_WARN_INFINITE_RECURSION = YES;
				CLANG_WARN_INT_CONVERSION = YES;
				CLANG_WARN_NON_LITERAL_NULL_CONVERSION = YES;
				CLANG_WARN_OBJC_IMPLICIT_RETAIN_SELF = YES;
				CLANG_WARN_OBJC_LITERAL_CONVERSION = YES;
				CLANG_WARN_OBJC_ROOT_CLASS = YES_ERROR;
				CLANG_WARN_QUOTED_INCLUDE_IN_FRAMEWORK_HEADER = YES;
				CLANG_WARN_RANGE_LOOP_ANALYSIS = YES;
				CLANG_WARN_STRICT_PROTOTYPES = YES;
				CLANG_WARN_SUSPICIOUS_MOVE = YES;
				CLANG_WARN_UNGUARDED_AVAILABILITY = YES_AGGRESSIVE;
				CLANG_WARN_UNREACHABLE_CODE = YES;
				CLANG_WARN__DUPLICATE_METHOD_MATCH = YES;
				COPY_PHASE_STRIP = NO;
				DEBUG_INFORMATION_FORMAT = dwarf;
				ENABLE_STRICT_OBJC_MSGSEND = YES;
				ENABLE_TESTABILITY = YES;
				GCC_C_LANGUAGE_STANDARD = gnu17;
				GCC_DYNAMIC_NO_PIC = NO;
				GCC_NO_COMMON_BLOCKS = YES;
				GCC_OPTIMIZATION_LEVEL = 0;
				GCC_PREPROCESSOR_DEFINITIONS = (
					"DEBUG=1",
					"$(inherited)",
				);
				GCC_WARN_64_TO_32_BIT_CONVERSION = YES;
				GCC_WARN_ABOUT_RETURN_TYPE = YES_ERROR;
				GCC_WARN_UNDECLARED_SELECTOR = YES;
				GCC_WARN_UNINITIALIZED_AUTOS = YES_AGGRESSIVE;
				GCC_WARN_UNUSED_FUNCTION = YES;
				GCC_WARN_UNUSED_VARIABLE = YES;
				IPHONEOS_DEPLOYMENT_TARGET = 15.6;
				MTL_ENABLE_DEBUG_INFO = INCLUDE_SOURCE;
				MTL_FAST_MATH = YES;
				ONLY_ACTIVE_ARCH = YES;
				SDKROOT = iphoneos;
				SWIFT_ACTIVE_COMPILATION_CONDITIONS = DEBUG;
				SWIFT_OPTIMIZATION_LEVEL = "-Onone";
			};
			name = Debug;
		};
		3001000000000000000002 /* Release */ = {
			isa = XCBuildConfiguration;
			buildSettings = {
				ALWAYS_SEARCH_USER_PATHS = NO;
				CLANG_ANALYZER_NONNULL = YES;
				CLANG_ANALYZER_NUMBER_OBJECT_CONVERSION = YES_AGGRESSIVE;
				CLANG_CXX_LANGUAGE_STANDARD = "gnu++20";
				CLANG_ENABLE_MODULES = YES;
				CLANG_ENABLE_OBJC_ARC = YES;
				CLANG_ENABLE_OBJC_WEAK = YES;
				CLANG_WARN_BOOL_CONVERSION = YES;
				CLANG_WARN_COMMA = YES;
				CLANG_WARN_CONSTANT_CONVERSION = YES;
				CLANG_WARN_DEPRECATED_OBJC_IMPLEMENTATIONS = YES;
				CLANG_WARN_DIRECT_OBJC_ISA_USAGE = YES_ERROR;
				CLANG_WARN_DOCUMENTATION_COMMENTS = YES;
				CLANG_WARN_EMPTY_BODY = YES;
				CLANG_WARN_ENUM_CONVERSION = YES;
				CLANG_WARN_INFINITE_RECURSION = YES;
				CLANG_WARN_INT_CONVERSION = YES;
				CLANG_WARN_NON_LITERAL_NULL_CONVERSION = YES;
				CLANG_WARN_OBJC_IMPLICIT_RETAIN_SELF = YES;
				CLANG_WARN_OBJC_LITERAL_CONVERSION = YES;
				CLANG_WARN_OBJC_ROOT_CLASS = YES_ERROR;
				CLANG_WARN_QUOTED_INCLUDE_IN_FRAMEWORK_HEADER = YES;
				CLANG_WARN_RANGE_LOOP_ANALYSIS = YES;
				CLANG_WARN_STRICT_PROTOTYPES = YES;
				CLANG_WARN_SUSPICIOUS_MOVE = YES;
				CLANG_WARN_UNGUARDED_AVAILABILITY = YES_AGGRESSIVE;
				CLANG_WARN_UNREACHABLE_CODE = YES;
				CLANG_WARN__DUPLICATE_METHOD_MATCH = YES;
				COPY_PHASE_STRIP = NO;
				DEBUG_INFORMATION_FORMAT = "dwarf-with-dsym";
				ENABLE_NS_ASSERTIONS = NO;
				ENABLE_STRICT_OBJC_MSGSEND = YES;
				GCC_C_LANGUAGE_STANDARD = gnu17;
				GCC_NO_COMMON_BLOCKS = YES;
				GCC_WARN_64_TO_32_BIT_CONVERSION = YES;
				GCC_WARN_ABOUT_RETURN_TYPE = YES_ERROR;
				GCC_WARN_UNDECLARED_SELECTOR = YES;
				GCC_WARN_UNINITIALIZED_AUTOS = YES_AGGRESSIVE;
				GCC_WARN_UNUSED_FUNCTION = YES;
				GCC_WARN_UNUSED_VARIABLE = YES;
				IPHONEOS_DEPLOYMENT_TARGET = 15.6;
				MTL_ENABLE_DEBUG_INFO = NO;
				MTL_FAST_MATH = YES;
				SDKROOT = iphoneos;
				SWIFT_COMPILATION_MODE = wholemodule;
				SWIFT_OPTIMIZATION_LEVEL = "-O";
				VALIDATE_PRODUCT = YES;
			};
			name = Release;
		};
		4001000000000000000001 /* Debug */ = {
			isa = XCBuildConfiguration;
			buildSettings = {
				ASSETCATALOG_COMPILER_APPICON_NAME = AppIcon;
				CODE_SIGN_STYLE = Manual;
				CODE_SIGN_IDENTITY = "";
				CURRENT_PROJECT_VERSION = 1;
				DEVELOPMENT_TEAM = "";
				ENABLE_PREVIEWS = YES;
				GENERATE_INFOPLIST_FILE = NO;
				INFOPLIST_FILE = Sources/Info.plist;
				INFOPLIST_KEY_UILaunchScreen_Generation = NO;
				LD_RUNPATH_SEARCH_PATHS = (
					"$(inherited)",
					"@executable_path/Frameworks",
				);
				MARKETING_VERSION = 1.0;
				PRODUCT_BUNDLE_IDENTIFIER = "com.privetai.timingcontrol";
				PRODUCT_NAME = "$(TARGET_NAME)";
				PROVISIONING_PROFILE_SPECIFIER = "";
				SUPPORTED_PLATFORMS = "iphoneos iphonesimulator";
				SUPPORTS_MACCATALYST = NO;
				SUPPORTS_MAC_DESIGNED_FOR_IPHONE_IPAD = NO;
				SUPPORTS_XR_DESIGNED_FOR_IPHONE_IPAD = NO;
				SWIFT_EMIT_LOC_STRINGS = YES;
				SWIFT_VERSION = 5.0;
				TARGETED_DEVICE_FAMILY = 1;
			};
			name = Debug;
		};
		4001000000000000000002 /* Release */ = {
			isa = XCBuildConfiguration;
			buildSettings = {
				ASSETCATALOG_COMPILER_APPICON_NAME = AppIcon;
				CODE_SIGN_STYLE = Manual;
				CODE_SIGN_IDENTITY = "";
				CURRENT_PROJECT_VERSION = 1;
				DEVELOPMENT_TEAM = "";
				ENABLE_PREVIEWS = YES;
				GENERATE_INFOPLIST_FILE = NO;
				INFOPLIST_FILE = Sources/Info.plist;
				INFOPLIST_KEY_UILaunchScreen_Generation = NO;
				LD_RUNPATH_SEARCH_PATHS = (
					"$(inherited)",
					"@executable_path/Frameworks",
				);
				MARKETING_VERSION = 1.0;
				PRODUCT_BUNDLE_IDENTIFIER = "com.privetai.timingcontrol";
				PRODUCT_NAME = "$(TARGET_NAME)";
				PROVISIONING_PROFILE_SPECIFIER = "";
				SUPPORTED_PLATFORMS = "iphoneos iphonesimulator";
				SUPPORTS_MACCATALYST = NO;
				SUPPORTS_MAC_DESIGNED_FOR_IPHONE_IPAD = NO;
				SUPPORTS_XR_DESIGNED_FOR_IPHONE_IPAD = NO;
				SWIFT_EMIT_LOC_STRINGS = YES;
				SWIFT_VERSION = 5.0;
				TARGETED_DEVICE_FAMILY = 1;
			};
			name = Release;
		};
/* End XCBuildConfiguration section */

/* Begin XCConfigurationList section */
		2001000000000000000002 /* Build configuration list for PBXProject "Timing Control" */ = {
			isa = XCConfigurationList;
			buildConfigurations = (
				3001000000000000000001 /* Debug */,
				3001000000000000000002 /* Release */,
			);
			defaultConfigurationIsVisible = 0;
			defaultConfigurationName = Release;
		};
		1001000000000000000001 /* Build configuration list for PBXNativeTarget "Timing Control" */ = {
			isa = XCConfigurationList;
			buildConfigurations = (
				4001000000000000000001 /* Debug */,
				4001000000000000000002 /* Release */,
			);
			defaultConfigurationIsVisible = 0;
			defaultConfigurationName = Release;
		};
/* End XCConfigurationList section */
	};
	rootObject = 2001000000000000000001 /* Project object */;
}
